
Microsoft Visual Studio Solution File, Format Version 12.00
# Visual Studio Version 16
VisualStudioVersion = 16.0.28922.388
MinimumVisualStudioVersion = 10.0.40219.1
Project("{9A19103F-16F7-4668-BE54-9A1E7A4F7556}") = "BeatSaberSongLoaderBlazor", "BeatSaberSongLoaderBlazor\BeatSaberSongLoaderBlazor.csproj", "{0244606E-8627-46F1-98CC-C3D8AC337A12}"
EndProject
Global
	GlobalSection(SolutionConfigurationPlatforms) = preSolution
		Debug|Any CPU = Debug|Any CPU
		Release|Any CPU = Release|Any CPU
	EndGlobalSection
	GlobalSection(ProjectConfigurationPlatforms) = postSolution
		{0244606E-8627-46F1-98CC-C3D8AC337A12}.Debug|Any CPU.ActiveCfg = Debug|Any CPU
		{0244606E-8627-46F1-98CC-C3D8AC337A12}.Debug|Any CPU.Build.0 = Debug|Any CPU
		{0244606E-8627-46F1-98CC-C3D8AC337A12}.Release|Any CPU.ActiveCfg = Release|Any CPU
		{0244606E-8627-46F1-98CC-C3D8AC337A12}.Release|Any CPU.Build.0 = Release|Any CPU
	EndGlobalSection
	GlobalSection(SolutionProperties) = preSolution
		HideSolutionNode = FALSE
	EndGlobalSection
	GlobalSection(ExtensibilityGlobals) = postSolution
		SolutionGuid = {A43266A0-3BBA-4E67-A893-DF0DCD4B7ABE}
	EndGlobalSection
EndGlobal
